{
  "name": "pagesrouter-useLLM",
  "lockfileVersion": 3,
  "requires": true,
  "packages": {
    "": {
      "dependencies": {
        "usellm": "^0.8.0"
      }
    },
    "node_modules/usellm": {
      "version": "0.8.0",
      "resolved": "https://registry.npmjs.org/usellm/-/usellm-0.8.0.tgz",
      "integrity": "sha512-EVX292aU6LjlaYq+hqzuZyWtW4tfbeBq9r2eHS0mWsofbdnfEMVSGGTMJA20aRoV8X830dmupJBZRfQjbi3j8A==",
      "engines": {
        "node": ">=14.17"
      }
    }
  }
}
